
Microsoft Visual Studio Solution File, Format Version 12.00
# Visual Studio Version 16
VisualStudioVersion = 16.0.29911.84
MinimumVisualStudioVersion = 10.0.40219.1
Project("{9A19103F-16F7-4668-BE54-9A1E7A4F7556}") = "SportShoppe", "SportShoppe.csproj", "{98776762-779A-4BD5-81E4-9DAA7A1AC1C2}"
EndProject
Project("{FAE04EC0-301F-11D3-BF4B-00C04F79EFBC}") = "SportShoppe.Tests", "SportShoppe.Tests\SportShoppe.Tests.csproj", "{D48DD080-D86E-4FD2-959F-3C81BBC99DCF}"
EndProject
Global
	GlobalSection(SolutionConfigurationPlatforms) = preSolution
		Debug|Any CPU = Debug|Any CPU
		Release|Any CPU = Release|Any CPU
	EndGlobalSection
	GlobalSection(ProjectConfigurationPlatforms) = postSolution
		{98776762-779A-4BD5-81E4-9DAA7A1AC1C2}.Debug|Any CPU.ActiveCfg = Debug|Any CPU
		{98776762-779A-4BD5-81E4-9DAA7A1AC1C2}.Debug|Any CPU.Build.0 = Debug|Any CPU
		{98776762-779A-4BD5-81E4-9DAA7A1AC1C2}.Release|Any CPU.ActiveCfg = Release|Any CPU
		{98776762-779A-4BD5-81E4-9DAA7A1AC1C2}.Release|Any CPU.Build.0 = Release|Any CPU
		{D48DD080-D86E-4FD2-959F-3C81BBC99DCF}.Debug|Any CPU.ActiveCfg = Debug|Any CPU
		{D48DD080-D86E-4FD2-959F-3C81BBC99DCF}.Debug|Any CPU.Build.0 = Debug|Any CPU
		{D48DD080-D86E-4FD2-959F-3C81BBC99DCF}.Release|Any CPU.ActiveCfg = Release|Any CPU
		{D48DD080-D86E-4FD2-959F-3C81BBC99DCF}.Release|Any CPU.Build.0 = Release|Any CPU
	EndGlobalSection
	GlobalSection(SolutionProperties) = preSolution
		HideSolutionNode = FALSE
	EndGlobalSection
	GlobalSection(ExtensibilityGlobals) = postSolution
		SolutionGuid = {2B00FE9B-CCCD-4BE0-9B1E-59BE1A6C6B2A}
	EndGlobalSection
EndGlobal
